
Microsoft Visual Studio Solution File, Format Version 12.00
# Visual Studio Version 17
VisualStudioVersion = 17.9.34622.214
MinimumVisualStudioVersion = 10.0.40219.1
Project("{FAE04EC0-301F-11D3-BF4B-00C04F79EFBC}") = "LearningPlatform.API", "LearningPlatform.API\LearningPlatform.API.csproj", "{2B2C6115-9C15-4FC7-B580-C00A6DD3A402}"
EndProject
Project("{FAE04EC0-301F-11D3-BF4B-00C04F79EFBC}") = "LearningPlatform.Persistence", "LearningPlatform.Persistence\LearningPlatform.Persistence.csproj", "{B393D3B7-F8FA-44CA-8ED5-A27B483B2417}"
EndProject
Project("{FAE04EC0-301F-11D3-BF4B-00C04F79EFBC}") = "LearningPlatform.Core", "LearningPlatform.Core\LearningPlatform.Core.csproj", "{3A813715-F774-4C46-AC3C-CE735EE7682F}"
EndProject
Project("{FAE04EC0-301F-11D3-BF4B-00C04F79EFBC}") = "LearningPlatform.Application", "LearningPlatform.Application\LearningPlatform.Application.csproj", "{94A2A150-AD93-4844-B5D4-CF5CA415C1AD}"
EndProject
Project("{FAE04EC0-301F-11D3-BF4B-00C04F79EFBC}") = "LearningPlatform.Infrastructure", "LearningPlatform.Infrastructure\LearningPlatform.Infrastructure.csproj", "{269F4CE0-D9AA-4E2F-9869-F2B11EBF2FB4}"
EndProject
Global
	GlobalSection(SolutionConfigurationPlatforms) = preSolution
		Debug|Any CPU = Debug|Any CPU
		Release|Any CPU = Release|Any CPU
	EndGlobalSection
	GlobalSection(ProjectConfigurationPlatforms) = postSolution
		{2B2C6115-9C15-4FC7-B580-C00A6DD3A402}.Debug|Any CPU.ActiveCfg = Debug|Any CPU
		{2B2C6115-9C15-4FC7-B580-C00A6DD3A402}.Debug|Any CPU.Build.0 = Debug|Any CPU
		{2B2C6115-9C15-4FC7-B580-C00A6DD3A402}.Release|Any CPU.ActiveCfg = Release|Any CPU
		{2B2C6115-9C15-4FC7-B580-C00A6DD3A402}.Release|Any CPU.Build.0 = Release|Any CPU
		{B393D3B7-F8FA-44CA-8ED5-A27B483B2417}.Debug|Any CPU.ActiveCfg = Debug|Any CPU
		{B393D3B7-F8FA-44CA-8ED5-A27B483B2417}.Debug|Any CPU.Build.0 = Debug|Any CPU
		{B393D3B7-F8FA-44CA-8ED5-A27B483B2417}.Release|Any CPU.ActiveCfg = Release|Any CPU
		{B393D3B7-F8FA-44CA-8ED5-A27B483B2417}.Release|Any CPU.Build.0 = Release|Any CPU
		{3A813715-F774-4C46-AC3C-CE735EE7682F}.Debug|Any CPU.ActiveCfg = Debug|Any CPU
		{3A813715-F774-4C46-AC3C-CE735EE7682F}.Debug|Any CPU.Build.0 = Debug|Any CPU
		{3A813715-F774-4C46-AC3C-CE735EE7682F}.Release|Any CPU.ActiveCfg = Release|Any CPU
		{3A813715-F774-4C46-AC3C-CE735EE7682F}.Release|Any CPU.Build.0 = Release|Any CPU
		{94A2A150-AD93-4844-B5D4-CF5CA415C1AD}.Debug|Any CPU.ActiveCfg = Debug|Any CPU
		{94A2A150-AD93-4844-B5D4-CF5CA415C1AD}.Debug|Any CPU.Build.0 = Debug|Any CPU
		{94A2A150-AD93-4844-B5D4-CF5CA415C1AD}.Release|Any CPU.ActiveCfg = Release|Any CPU
		{94A2A150-AD93-4844-B5D4-CF5CA415C1AD}.Release|Any CPU.Build.0 = Release|Any CPU
		{269F4CE0-D9AA-4E2F-9869-F2B11EBF2FB4}.Debug|Any CPU.ActiveCfg = Debug|Any CPU
		{269F4CE0-D9AA-4E2F-9869-F2B11EBF2FB4}.Debug|Any CPU.Build.0 = Debug|Any CPU
		{269F4CE0-D9AA-4E2F-9869-F2B11EBF2FB4}.Release|Any CPU.ActiveCfg = Release|Any CPU
		{269F4CE0-D9AA-4E2F-9869-F2B11EBF2FB4}.Release|Any CPU.Build.0 = Release|Any CPU
	EndGlobalSection
	GlobalSection(SolutionProperties) = preSolution
		HideSolutionNode = FALSE
	EndGlobalSection
	GlobalSection(ExtensibilityGlobals) = postSolution
		SolutionGuid = {F1B7C3AF-8918-463E-B2D8-E8B5D31347CA}
	EndGlobalSection
EndGlobal
